
Microsoft Visual Studio Solution File, Format Version 12.00
# Visual Studio Version 17
VisualStudioVersion = 17.9.34728.123
MinimumVisualStudioVersion = 10.0.40219.1
Project("{FAE04EC0-301F-11D3-BF4B-00C04F79EFBC}") = "primeros pasos", "primeros pasos.csproj", "{BF6669E3-A6A1-456E-A619-D60A0512A39F}"
EndProject
Global
	GlobalSection(SolutionConfigurationPlatforms) = preSolution
		Debug|Any CPU = Debug|Any CPU
		Release|Any CPU = Release|Any CPU
	EndGlobalSection
	GlobalSection(ProjectConfigurationPlatforms) = postSolution
		{BF6669E3-A6A1-456E-A619-D60A0512A39F}.Debug|Any CPU.ActiveCfg = Debug|Any CPU
		{BF6669E3-A6A1-456E-A619-D60A0512A39F}.Debug|Any CPU.Build.0 = Debug|Any CPU
		{BF6669E3-A6A1-456E-A619-D60A0512A39F}.Release|Any CPU.ActiveCfg = Release|Any CPU
		{BF6669E3-A6A1-456E-A619-D60A0512A39F}.Release|Any CPU.Build.0 = Release|Any CPU
	EndGlobalSection
	GlobalSection(SolutionProperties) = preSolution
		HideSolutionNode = FALSE
	EndGlobalSection
	GlobalSection(ExtensibilityGlobals) = postSolution
		SolutionGuid = {E21C48A6-34A8-47D5-945F-E9FC0FE14BFE}
	EndGlobalSection
EndGlobal
