
Microsoft Visual Studio Solution File, Format Version 12.00
# Visual Studio Version 17
VisualStudioVersion = 17.9.34728.123
MinimumVisualStudioVersion = 10.0.40219.1
Project("{FAE04EC0-301F-11D3-BF4B-00C04F79EFBC}") = "Ciclos", "Ciclos.csproj", "{7100F991-7157-4299-904A-DDDA9682CEB9}"
EndProject
Global
	GlobalSection(SolutionConfigurationPlatforms) = preSolution
		Debug|Any CPU = Debug|Any CPU
		Release|Any CPU = Release|Any CPU
	EndGlobalSection
	GlobalSection(ProjectConfigurationPlatforms) = postSolution
		{7100F991-7157-4299-904A-DDDA9682CEB9}.Debug|Any CPU.ActiveCfg = Debug|Any CPU
		{7100F991-7157-4299-904A-DDDA9682CEB9}.Debug|Any CPU.Build.0 = Debug|Any CPU
		{7100F991-7157-4299-904A-DDDA9682CEB9}.Release|Any CPU.ActiveCfg = Release|Any CPU
		{7100F991-7157-4299-904A-DDDA9682CEB9}.Release|Any CPU.Build.0 = Release|Any CPU
	EndGlobalSection
	GlobalSection(SolutionProperties) = preSolution
		HideSolutionNode = FALSE
	EndGlobalSection
	GlobalSection(ExtensibilityGlobals) = postSolution
		SolutionGuid = {84A5D648-736B-45E9-AD1D-64964408CF89}
	EndGlobalSection
EndGlobal
