
Microsoft Visual Studio Solution File, Format Version 12.00
# Visual Studio Version 17
VisualStudioVersion = 17.9.34728.123
MinimumVisualStudioVersion = 10.0.40219.1
Project("{FAE04EC0-301F-11D3-BF4B-00C04F79EFBC}") = "CapturadorSueldo", "CapturadorSueldo.csproj", "{B534F292-2AB1-4F39-A92B-FD450F19522C}"
EndProject
Global
	GlobalSection(SolutionConfigurationPlatforms) = preSolution
		Debug|Any CPU = Debug|Any CPU
		Release|Any CPU = Release|Any CPU
	EndGlobalSection
	GlobalSection(ProjectConfigurationPlatforms) = postSolution
		{B534F292-2AB1-4F39-A92B-FD450F19522C}.Debug|Any CPU.ActiveCfg = Debug|Any CPU
		{B534F292-2AB1-4F39-A92B-FD450F19522C}.Debug|Any CPU.Build.0 = Debug|Any CPU
		{B534F292-2AB1-4F39-A92B-FD450F19522C}.Release|Any CPU.ActiveCfg = Release|Any CPU
		{B534F292-2AB1-4F39-A92B-FD450F19522C}.Release|Any CPU.Build.0 = Release|Any CPU
	EndGlobalSection
	GlobalSection(SolutionProperties) = preSolution
		HideSolutionNode = FALSE
	EndGlobalSection
	GlobalSection(ExtensibilityGlobals) = postSolution
		SolutionGuid = {C88A15BE-3325-42D8-B8C8-4AF72F7262A0}
	EndGlobalSection
EndGlobal
