
Microsoft Visual Studio Solution File, Format Version 12.00
# Visual Studio Version 17
VisualStudioVersion = 17.9.34728.123
MinimumVisualStudioVersion = 10.0.40219.1
Project("{FAE04EC0-301F-11D3-BF4B-00C04F79EFBC}") = "plantilla web", "plantilla web.csproj", "{7BDF84E1-7992-49B8-A519-1957B94F0ED3}"
EndProject
Global
	GlobalSection(SolutionConfigurationPlatforms) = preSolution
		Debug|Any CPU = Debug|Any CPU
		Release|Any CPU = Release|Any CPU
	EndGlobalSection
	GlobalSection(ProjectConfigurationPlatforms) = postSolution
		{7BDF84E1-7992-49B8-A519-1957B94F0ED3}.Debug|Any CPU.ActiveCfg = Debug|Any CPU
		{7BDF84E1-7992-49B8-A519-1957B94F0ED3}.Debug|Any CPU.Build.0 = Debug|Any CPU
		{7BDF84E1-7992-49B8-A519-1957B94F0ED3}.Release|Any CPU.ActiveCfg = Release|Any CPU
		{7BDF84E1-7992-49B8-A519-1957B94F0ED3}.Release|Any CPU.Build.0 = Release|Any CPU
	EndGlobalSection
	GlobalSection(SolutionProperties) = preSolution
		HideSolutionNode = FALSE
	EndGlobalSection
	GlobalSection(ExtensibilityGlobals) = postSolution
		SolutionGuid = {0C7A2A88-24CD-4572-B2CC-3D3641BE5E2C}
	EndGlobalSection
EndGlobal
